
Microsoft Visual Studio Solution File, Format Version 12.00
# Visual Studio Version 17
VisualStudioVersion = 17.8.34525.116
MinimumVisualStudioVersion = 10.0.40219.1
Project("{FAE04EC0-301F-11D3-BF4B-00C04F79EFBC}") = "OneToOneOps", "OneToOneOps\OneToOneOps.csproj", "{DF0D64AB-47A6-45F0-ABD1-ED81EBE2E59C}"
EndProject
Global
	GlobalSection(SolutionConfigurationPlatforms) = preSolution
		Debug|Any CPU = Debug|Any CPU
		Release|Any CPU = Release|Any CPU
	EndGlobalSection
	GlobalSection(ProjectConfigurationPlatforms) = postSolution
		{DF0D64AB-47A6-45F0-ABD1-ED81EBE2E59C}.Debug|Any CPU.ActiveCfg = Debug|Any CPU
		{DF0D64AB-47A6-45F0-ABD1-ED81EBE2E59C}.Debug|Any CPU.Build.0 = Debug|Any CPU
		{DF0D64AB-47A6-45F0-ABD1-ED81EBE2E59C}.Release|Any CPU.ActiveCfg = Release|Any CPU
		{DF0D64AB-47A6-45F0-ABD1-ED81EBE2E59C}.Release|Any CPU.Build.0 = Release|Any CPU
	EndGlobalSection
	GlobalSection(SolutionProperties) = preSolution
		HideSolutionNode = FALSE
	EndGlobalSection
	GlobalSection(ExtensibilityGlobals) = postSolution
		SolutionGuid = {57303BC1-4C26-42DD-B511-A0D6CD262C37}
	EndGlobalSection
EndGlobal
