
Microsoft Visual Studio Solution File, Format Version 12.00
# Visual Studio Version 17
VisualStudioVersion = 17.8.34525.116
MinimumVisualStudioVersion = 10.0.40219.1
Project("{FAE04EC0-301F-11D3-BF4B-00C04F79EFBC}") = "OneToManyOps", "OneToManyOps\OneToManyOps.csproj", "{6969B34C-E8F2-4EB1-B087-F15F80946529}"
EndProject
Global
	GlobalSection(SolutionConfigurationPlatforms) = preSolution
		Debug|Any CPU = Debug|Any CPU
		Release|Any CPU = Release|Any CPU
	EndGlobalSection
	GlobalSection(ProjectConfigurationPlatforms) = postSolution
		{6969B34C-E8F2-4EB1-B087-F15F80946529}.Debug|Any CPU.ActiveCfg = Debug|Any CPU
		{6969B34C-E8F2-4EB1-B087-F15F80946529}.Debug|Any CPU.Build.0 = Debug|Any CPU
		{6969B34C-E8F2-4EB1-B087-F15F80946529}.Release|Any CPU.ActiveCfg = Release|Any CPU
		{6969B34C-E8F2-4EB1-B087-F15F80946529}.Release|Any CPU.Build.0 = Release|Any CPU
	EndGlobalSection
	GlobalSection(SolutionProperties) = preSolution
		HideSolutionNode = FALSE
	EndGlobalSection
	GlobalSection(ExtensibilityGlobals) = postSolution
		SolutionGuid = {53C82CEF-2AAA-491A-94F5-C7E4CEC2FB23}
	EndGlobalSection
EndGlobal
