
Microsoft Visual Studio Solution File, Format Version 12.00
# Visual Studio Version 17
VisualStudioVersion = 17.8.34525.116
MinimumVisualStudioVersion = 10.0.40219.1
Project("{FAE04EC0-301F-11D3-BF4B-00C04F79EFBC}") = "ManyToManyOps", "ManyToManyOps\ManyToManyOps.csproj", "{29447B15-CCD3-42E2-848C-E5BDEA9791C3}"
EndProject
Global
	GlobalSection(SolutionConfigurationPlatforms) = preSolution
		Debug|Any CPU = Debug|Any CPU
		Release|Any CPU = Release|Any CPU
	EndGlobalSection
	GlobalSection(ProjectConfigurationPlatforms) = postSolution
		{29447B15-CCD3-42E2-848C-E5BDEA9791C3}.Debug|Any CPU.ActiveCfg = Debug|Any CPU
		{29447B15-CCD3-42E2-848C-E5BDEA9791C3}.Debug|Any CPU.Build.0 = Debug|Any CPU
		{29447B15-CCD3-42E2-848C-E5BDEA9791C3}.Release|Any CPU.ActiveCfg = Release|Any CPU
		{29447B15-CCD3-42E2-848C-E5BDEA9791C3}.Release|Any CPU.Build.0 = Release|Any CPU
	EndGlobalSection
	GlobalSection(SolutionProperties) = preSolution
		HideSolutionNode = FALSE
	EndGlobalSection
	GlobalSection(ExtensibilityGlobals) = postSolution
		SolutionGuid = {8292C38E-2033-4D05-9951-ED06257EA18E}
	EndGlobalSection
EndGlobal
